
Microsoft Visual Studio Solution File, Format Version 12.00
# Visual Studio Version 17
VisualStudioVersion = 17.14.36623.8 d17.14
MinimumVisualStudioVersion = 10.0.40219.1
Project("{FAE04EC0-301F-11D3-BF4B-00C04F79EFBC}") = "SantanderTestTask", "SantanderTestTask\SantanderTestTask.csproj", "{12A1396F-5F39-41A3-B1BA-FDC65BF44DAD}"
EndProject
Global
	GlobalSection(SolutionConfigurationPlatforms) = preSolution
		Debug|Any CPU = Debug|Any CPU
		Release|Any CPU = Release|Any CPU
	EndGlobalSection
	GlobalSection(ProjectConfigurationPlatforms) = postSolution
		{12A1396F-5F39-41A3-B1BA-FDC65BF44DAD}.Debug|Any CPU.ActiveCfg = Debug|Any CPU
		{12A1396F-5F39-41A3-B1BA-FDC65BF44DAD}.Debug|Any CPU.Build.0 = Debug|Any CPU
		{12A1396F-5F39-41A3-B1BA-FDC65BF44DAD}.Release|Any CPU.ActiveCfg = Release|Any CPU
		{12A1396F-5F39-41A3-B1BA-FDC65BF44DAD}.Release|Any CPU.Build.0 = Release|Any CPU
	EndGlobalSection
	GlobalSection(SolutionProperties) = preSolution
		HideSolutionNode = FALSE
	EndGlobalSection
	GlobalSection(ExtensibilityGlobals) = postSolution
		SolutionGuid = {96BE5ACE-DD8F-4A62-A653-745B5666671D}
	EndGlobalSection
EndGlobal
